
Microsoft Visual Studio Solution File, Format Version 12.00
Project("{FAE04EC0-301F-11D3-BF4B-00C04F79EFBC}") = "SurfaceDieFix", "SurfaceDieFix\SurfaceDieFix.csproj", "{21D88B20-A5A4-44E3-9F1A-05E7EB09B31A}"
EndProject
Global
	GlobalSection(SolutionConfigurationPlatforms) = preSolution
		Debug|Any CPU = Debug|Any CPU
		Release|Any CPU = Release|Any CPU
	EndGlobalSection
	GlobalSection(ProjectConfigurationPlatforms) = postSolution
		{21D88B20-A5A4-44E3-9F1A-05E7EB09B31A}.Debug|Any CPU.ActiveCfg = Debug|Any CPU
		{21D88B20-A5A4-44E3-9F1A-05E7EB09B31A}.Debug|Any CPU.Build.0 = Debug|Any CPU
		{21D88B20-A5A4-44E3-9F1A-05E7EB09B31A}.Release|Any CPU.ActiveCfg = Release|Any CPU
		{21D88B20-A5A4-44E3-9F1A-05E7EB09B31A}.Release|Any CPU.Build.0 = Release|Any CPU
	EndGlobalSection
EndGlobal
